
Microsoft Visual Studio Solution File, Format Version 12.00
# Visual Studio Version 17
VisualStudioVersion = 17.0.31903.59
MinimumVisualStudioVersion = 10.0.40219.1
Project("{2150E333-8FDC-42A3-9474-1A3956D46DE8}") = "src", "src", "{608FC9C9-5434-459D-9282-A550308F4524}"
EndProject
Project("{2150E333-8FDC-42A3-9474-1A3956D46DE8}") = "Identidade", "Identidade", "{76A19E08-0449-42FA-A85D-E284B67391C9}"
EndProject
Project("{FAE04EC0-301F-11D3-BF4B-00C04F79EFBC}") = "Identidade.Api", "src\Identidade\Identidade.Api\Identidade.Api.csproj", "{2547F632-289D-4020-BCA7-634E032C7657}"
EndProject
Project("{2150E333-8FDC-42A3-9474-1A3956D46DE8}") = "Gateway", "Gateway", "{8FC492B2-AA8B-43C7-93CA-EA057785DBE4}"
EndProject
Project("{FAE04EC0-301F-11D3-BF4B-00C04F79EFBC}") = "Gateway.Api", "src\Gateway\Gateway.Api\Gateway.Api.csproj", "{57F2F678-40EE-44E9-B8A5-FD00E6313CCD}"
EndProject
Global
	GlobalSection(SolutionConfigurationPlatforms) = preSolution
		Debug|Any CPU = Debug|Any CPU
		Release|Any CPU = Release|Any CPU
	EndGlobalSection
	GlobalSection(SolutionProperties) = preSolution
		HideSolutionNode = FALSE
	EndGlobalSection
	GlobalSection(ProjectConfigurationPlatforms) = postSolution
		{2547F632-289D-4020-BCA7-634E032C7657}.Debug|Any CPU.ActiveCfg = Debug|Any CPU
		{2547F632-289D-4020-BCA7-634E032C7657}.Debug|Any CPU.Build.0 = Debug|Any CPU
		{2547F632-289D-4020-BCA7-634E032C7657}.Release|Any CPU.ActiveCfg = Release|Any CPU
		{2547F632-289D-4020-BCA7-634E032C7657}.Release|Any CPU.Build.0 = Release|Any CPU
		{57F2F678-40EE-44E9-B8A5-FD00E6313CCD}.Debug|Any CPU.ActiveCfg = Debug|Any CPU
		{57F2F678-40EE-44E9-B8A5-FD00E6313CCD}.Debug|Any CPU.Build.0 = Debug|Any CPU
		{57F2F678-40EE-44E9-B8A5-FD00E6313CCD}.Release|Any CPU.ActiveCfg = Release|Any CPU
		{57F2F678-40EE-44E9-B8A5-FD00E6313CCD}.Release|Any CPU.Build.0 = Release|Any CPU
	EndGlobalSection
	GlobalSection(NestedProjects) = preSolution
		{76A19E08-0449-42FA-A85D-E284B67391C9} = {608FC9C9-5434-459D-9282-A550308F4524}
		{2547F632-289D-4020-BCA7-634E032C7657} = {76A19E08-0449-42FA-A85D-E284B67391C9}
		{8FC492B2-AA8B-43C7-93CA-EA057785DBE4} = {608FC9C9-5434-459D-9282-A550308F4524}
		{57F2F678-40EE-44E9-B8A5-FD00E6313CCD} = {8FC492B2-AA8B-43C7-93CA-EA057785DBE4}
	EndGlobalSection
EndGlobal
