
Microsoft Visual Studio Solution File, Format Version 12.00
# Visual Studio Version 17
VisualStudioVersion = 17.0.31903.59
MinimumVisualStudioVersion = 10.0.40219.1
Project("{2150E333-8FDC-42A3-9474-1A3956D46DE8}") = "Identidade", "Identidade", "{D827C8CC-5C8A-42E5-869E-E8359D8939F8}"
EndProject
Project("{FAE04EC0-301F-11D3-BF4B-00C04F79EFBC}") = "Identidade.Api", "Identidade\Identidade.Api\Identidade.Api.csproj", "{08620B7C-8D4F-436D-86B5-6A7026345B11}"
EndProject
Project("{FAE04EC0-301F-11D3-BF4B-00C04F79EFBC}") = "Identidade.Application", "Identidade\Identidade.Application\Identidade.Application.csproj", "{CA5C354F-DA79-489D-A5A7-F54B93C65DDC}"
EndProject
Project("{FAE04EC0-301F-11D3-BF4B-00C04F79EFBC}") = "Identidade.Domain", "Identidade\Identidade.Domain\Identidade.Domain.csproj", "{FB8EDCF5-61F8-403F-BA89-99B065DCDE78}"
EndProject
Project("{FAE04EC0-301F-11D3-BF4B-00C04F79EFBC}") = "Identidade.Infrastructure", "Identidade\Identidade.Infrastructure\Identidade.Infrastructure.csproj", "{D337ED66-CE01-486A-B38E-10729E15D72E}"
EndProject
Project("{2150E333-8FDC-42A3-9474-1A3956D46DE8}") = "Catalogo", "Catalogo", "{03B46C35-BB48-4400-942C-9728522FAB46}"
EndProject
Project("{FAE04EC0-301F-11D3-BF4B-00C04F79EFBC}") = "Catalogo.Api", "Catalogo\Catalogo.Api\Catalogo.Api.csproj", "{FD29DC01-5A8A-4C35-8D0C-43DD836F873E}"
EndProject
Project("{FAE04EC0-301F-11D3-BF4B-00C04F79EFBC}") = "Catalogo.Application", "Catalogo\Catalogo.Application\Catalogo.Application.csproj", "{D1B408F1-23B7-414D-8F7A-423B8BBD621F}"
EndProject
Project("{FAE04EC0-301F-11D3-BF4B-00C04F79EFBC}") = "Catalogo.Domain", "Catalogo\Catalogo.Domain\Catalogo.Domain.csproj", "{F0AB4BE2-6983-469C-9C89-FC53145A8EFF}"
EndProject
Project("{FAE04EC0-301F-11D3-BF4B-00C04F79EFBC}") = "Catalogo.Infrastructure", "Catalogo\Catalogo.Infrastructure\Catalogo.Infrastructure.csproj", "{881499E1-914F-424B-A868-0EDCC998A399}"
EndProject
Project("{2150E333-8FDC-42A3-9474-1A3956D46DE8}") = "Pedidos", "Pedidos", "{6BF09A4E-DA05-4E6F-BAA9-0A4423CAF060}"
EndProject
Project("{FAE04EC0-301F-11D3-BF4B-00C04F79EFBC}") = "Pedidos.Api", "Pedidos\Pedidos.Api\Pedidos.Api.csproj", "{14F6F943-5819-4EC3-A77B-3639CFF97F2B}"
EndProject
Project("{FAE04EC0-301F-11D3-BF4B-00C04F79EFBC}") = "Pedidos.Application", "Pedidos\Pedidos.Application\Pedidos.Application.csproj", "{202083B2-FF31-442F-AEAC-6373D6C94DD3}"
EndProject
Project("{FAE04EC0-301F-11D3-BF4B-00C04F79EFBC}") = "Pedidos.Domain", "Pedidos\Pedidos.Domain\Pedidos.Domain.csproj", "{75539C5E-C9D5-4712-840D-4EF6AA7476ED}"
EndProject
Project("{FAE04EC0-301F-11D3-BF4B-00C04F79EFBC}") = "Pedidos.Infrastructure", "Pedidos\Pedidos.Infrastructure\Pedidos.Infrastructure.csproj", "{5CD8838D-F401-41FC-8520-CE8402151F6B}"
EndProject
Project("{2150E333-8FDC-42A3-9474-1A3956D46DE8}") = "ApiGateway", "ApiGateway", "{B8232150-7960-4D36-B250-DD885288DC42}"
EndProject
Project("{FAE04EC0-301F-11D3-BF4B-00C04F79EFBC}") = "ApiGateway.Ocelot", "ApiGateway\ApiGateway.Ocelot\ApiGateway.Ocelot.csproj", "{161A7B5D-1DF7-48B1-BD6D-BA77F050B09F}"
EndProject
Global
	GlobalSection(SolutionConfigurationPlatforms) = preSolution
		Debug|Any CPU = Debug|Any CPU
		Release|Any CPU = Release|Any CPU
	EndGlobalSection
	GlobalSection(SolutionProperties) = preSolution
		HideSolutionNode = FALSE
	EndGlobalSection
	GlobalSection(ProjectConfigurationPlatforms) = postSolution
		{08620B7C-8D4F-436D-86B5-6A7026345B11}.Debug|Any CPU.ActiveCfg = Debug|Any CPU
		{08620B7C-8D4F-436D-86B5-6A7026345B11}.Debug|Any CPU.Build.0 = Debug|Any CPU
		{08620B7C-8D4F-436D-86B5-6A7026345B11}.Release|Any CPU.ActiveCfg = Release|Any CPU
		{08620B7C-8D4F-436D-86B5-6A7026345B11}.Release|Any CPU.Build.0 = Release|Any CPU
		{CA5C354F-DA79-489D-A5A7-F54B93C65DDC}.Debug|Any CPU.ActiveCfg = Debug|Any CPU
		{CA5C354F-DA79-489D-A5A7-F54B93C65DDC}.Debug|Any CPU.Build.0 = Debug|Any CPU
		{CA5C354F-DA79-489D-A5A7-F54B93C65DDC}.Release|Any CPU.ActiveCfg = Release|Any CPU
		{CA5C354F-DA79-489D-A5A7-F54B93C65DDC}.Release|Any CPU.Build.0 = Release|Any CPU
		{FB8EDCF5-61F8-403F-BA89-99B065DCDE78}.Debug|Any CPU.ActiveCfg = Debug|Any CPU
		{FB8EDCF5-61F8-403F-BA89-99B065DCDE78}.Debug|Any CPU.Build.0 = Debug|Any CPU
		{FB8EDCF5-61F8-403F-BA89-99B065DCDE78}.Release|Any CPU.ActiveCfg = Release|Any CPU
		{FB8EDCF5-61F8-403F-BA89-99B065DCDE78}.Release|Any CPU.Build.0 = Release|Any CPU
		{D337ED66-CE01-486A-B38E-10729E15D72E}.Debug|Any CPU.ActiveCfg = Debug|Any CPU
		{D337ED66-CE01-486A-B38E-10729E15D72E}.Debug|Any CPU.Build.0 = Debug|Any CPU
		{D337ED66-CE01-486A-B38E-10729E15D72E}.Release|Any CPU.ActiveCfg = Release|Any CPU
		{D337ED66-CE01-486A-B38E-10729E15D72E}.Release|Any CPU.Build.0 = Release|Any CPU
		{FD29DC01-5A8A-4C35-8D0C-43DD836F873E}.Debug|Any CPU.ActiveCfg = Debug|Any CPU
		{FD29DC01-5A8A-4C35-8D0C-43DD836F873E}.Debug|Any CPU.Build.0 = Debug|Any CPU
		{FD29DC01-5A8A-4C35-8D0C-43DD836F873E}.Release|Any CPU.ActiveCfg = Release|Any CPU
		{FD29DC01-5A8A-4C35-8D0C-43DD836F873E}.Release|Any CPU.Build.0 = Release|Any CPU
		{D1B408F1-23B7-414D-8F7A-423B8BBD621F}.Debug|Any CPU.ActiveCfg = Debug|Any CPU
		{D1B408F1-23B7-414D-8F7A-423B8BBD621F}.Debug|Any CPU.Build.0 = Debug|Any CPU
		{D1B408F1-23B7-414D-8F7A-423B8BBD621F}.Release|Any CPU.ActiveCfg = Release|Any CPU
		{D1B408F1-23B7-414D-8F7A-423B8BBD621F}.Release|Any CPU.Build.0 = Release|Any CPU
		{F0AB4BE2-6983-469C-9C89-FC53145A8EFF}.Debug|Any CPU.ActiveCfg = Debug|Any CPU
		{F0AB4BE2-6983-469C-9C89-FC53145A8EFF}.Debug|Any CPU.Build.0 = Debug|Any CPU
		{F0AB4BE2-6983-469C-9C89-FC53145A8EFF}.Release|Any CPU.ActiveCfg = Release|Any CPU
		{F0AB4BE2-6983-469C-9C89-FC53145A8EFF}.Release|Any CPU.Build.0 = Release|Any CPU
		{881499E1-914F-424B-A868-0EDCC998A399}.Debug|Any CPU.ActiveCfg = Debug|Any CPU
		{881499E1-914F-424B-A868-0EDCC998A399}.Debug|Any CPU.Build.0 = Debug|Any CPU
		{881499E1-914F-424B-A868-0EDCC998A399}.Release|Any CPU.ActiveCfg = Release|Any CPU
		{881499E1-914F-424B-A868-0EDCC998A399}.Release|Any CPU.Build.0 = Release|Any CPU
		{14F6F943-5819-4EC3-A77B-3639CFF97F2B}.Debug|Any CPU.ActiveCfg = Debug|Any CPU
		{14F6F943-5819-4EC3-A77B-3639CFF97F2B}.Debug|Any CPU.Build.0 = Debug|Any CPU
		{14F6F943-5819-4EC3-A77B-3639CFF97F2B}.Release|Any CPU.ActiveCfg = Release|Any CPU
		{14F6F943-5819-4EC3-A77B-3639CFF97F2B}.Release|Any CPU.Build.0 = Release|Any CPU
		{202083B2-FF31-442F-AEAC-6373D6C94DD3}.Debug|Any CPU.ActiveCfg = Debug|Any CPU
		{202083B2-FF31-442F-AEAC-6373D6C94DD3}.Debug|Any CPU.Build.0 = Debug|Any CPU
		{202083B2-FF31-442F-AEAC-6373D6C94DD3}.Release|Any CPU.ActiveCfg = Release|Any CPU
		{202083B2-FF31-442F-AEAC-6373D6C94DD3}.Release|Any CPU.Build.0 = Release|Any CPU
		{75539C5E-C9D5-4712-840D-4EF6AA7476ED}.Debug|Any CPU.ActiveCfg = Debug|Any CPU
		{75539C5E-C9D5-4712-840D-4EF6AA7476ED}.Debug|Any CPU.Build.0 = Debug|Any CPU
		{75539C5E-C9D5-4712-840D-4EF6AA7476ED}.Release|Any CPU.ActiveCfg = Release|Any CPU
		{75539C5E-C9D5-4712-840D-4EF6AA7476ED}.Release|Any CPU.Build.0 = Release|Any CPU
		{5CD8838D-F401-41FC-8520-CE8402151F6B}.Debug|Any CPU.ActiveCfg = Debug|Any CPU
		{5CD8838D-F401-41FC-8520-CE8402151F6B}.Debug|Any CPU.Build.0 = Debug|Any CPU
		{5CD8838D-F401-41FC-8520-CE8402151F6B}.Release|Any CPU.ActiveCfg = Release|Any CPU
		{5CD8838D-F401-41FC-8520-CE8402151F6B}.Release|Any CPU.Build.0 = Release|Any CPU
		{161A7B5D-1DF7-48B1-BD6D-BA77F050B09F}.Debug|Any CPU.ActiveCfg = Debug|Any CPU
		{161A7B5D-1DF7-48B1-BD6D-BA77F050B09F}.Debug|Any CPU.Build.0 = Debug|Any CPU
		{161A7B5D-1DF7-48B1-BD6D-BA77F050B09F}.Release|Any CPU.ActiveCfg = Release|Any CPU
		{161A7B5D-1DF7-48B1-BD6D-BA77F050B09F}.Release|Any CPU.Build.0 = Release|Any CPU
	EndGlobalSection
	GlobalSection(NestedProjects) = preSolution
		{08620B7C-8D4F-436D-86B5-6A7026345B11} = {D827C8CC-5C8A-42E5-869E-E8359D8939F8}
		{CA5C354F-DA79-489D-A5A7-F54B93C65DDC} = {D827C8CC-5C8A-42E5-869E-E8359D8939F8}
		{FB8EDCF5-61F8-403F-BA89-99B065DCDE78} = {D827C8CC-5C8A-42E5-869E-E8359D8939F8}
		{D337ED66-CE01-486A-B38E-10729E15D72E} = {D827C8CC-5C8A-42E5-869E-E8359D8939F8}
		{FD29DC01-5A8A-4C35-8D0C-43DD836F873E} = {03B46C35-BB48-4400-942C-9728522FAB46}
		{D1B408F1-23B7-414D-8F7A-423B8BBD621F} = {03B46C35-BB48-4400-942C-9728522FAB46}
		{F0AB4BE2-6983-469C-9C89-FC53145A8EFF} = {03B46C35-BB48-4400-942C-9728522FAB46}
		{881499E1-914F-424B-A868-0EDCC998A399} = {03B46C35-BB48-4400-942C-9728522FAB46}
		{14F6F943-5819-4EC3-A77B-3639CFF97F2B} = {6BF09A4E-DA05-4E6F-BAA9-0A4423CAF060}
		{202083B2-FF31-442F-AEAC-6373D6C94DD3} = {6BF09A4E-DA05-4E6F-BAA9-0A4423CAF060}
		{75539C5E-C9D5-4712-840D-4EF6AA7476ED} = {6BF09A4E-DA05-4E6F-BAA9-0A4423CAF060}
		{5CD8838D-F401-41FC-8520-CE8402151F6B} = {6BF09A4E-DA05-4E6F-BAA9-0A4423CAF060}
		{161A7B5D-1DF7-48B1-BD6D-BA77F050B09F} = {B8232150-7960-4D36-B250-DD885288DC42}
	EndGlobalSection
EndGlobal
